
Microsoft Visual Studio Solution File, Format Version 12.00
# Visual Studio Version 17
VisualStudioVersion = 17.5.33502.453
MinimumVisualStudioVersion = 10.0.40219.1
Project("{FAE04EC0-301F-11D3-BF4B-00C04F79EFBC}") = "Lab5", "Lab5.csproj", "{06883B94-F1AD-4DEE-A724-6AA95730CEE9}"
EndProject
Global
	GlobalSection(SolutionConfigurationPlatforms) = preSolution
		Debug|Any CPU = Debug|Any CPU
		Release|Any CPU = Release|Any CPU
	EndGlobalSection
	GlobalSection(ProjectConfigurationPlatforms) = postSolution
		{06883B94-F1AD-4DEE-A724-6AA95730CEE9}.Debug|Any CPU.ActiveCfg = Debug|Any CPU
		{06883B94-F1AD-4DEE-A724-6AA95730CEE9}.Debug|Any CPU.Build.0 = Debug|Any CPU
		{06883B94-F1AD-4DEE-A724-6AA95730CEE9}.Release|Any CPU.ActiveCfg = Release|Any CPU
		{06883B94-F1AD-4DEE-A724-6AA95730CEE9}.Release|Any CPU.Build.0 = Release|Any CPU
	EndGlobalSection
	GlobalSection(SolutionProperties) = preSolution
		HideSolutionNode = FALSE
	EndGlobalSection
	GlobalSection(ExtensibilityGlobals) = postSolution
		SolutionGuid = {0CA7CFA2-8DEB-44EA-B85B-77F92B70E896}
	EndGlobalSection
EndGlobal
